
Microsoft Visual Studio Solution File, Format Version 12.00
# Visual Studio 14
VisualStudioVersion = 14.0.25420.1
MinimumVisualStudioVersion = 10.0.40219.1
Project("{FAE04EC0-301F-11D3-BF4B-00C04F79EFBC}") = "NCU_stu_System", "NCU_stu_System\NCU_stu_System.csproj", "{5D8E4100-4F0C-407A-84CB-486E5D88105B}"
EndProject
Project("{FAE04EC0-301F-11D3-BF4B-00C04F79EFBC}") = "WebLibraryService", "WebLibraryService\WebLibraryService.csproj", "{B21EF8C4-C2E9-4949-85E3-033D2354D0A5}"
EndProject
Global
	GlobalSection(SolutionConfigurationPlatforms) = preSolution
		Debug|Any CPU = Debug|Any CPU
		Release|Any CPU = Release|Any CPU
	EndGlobalSection
	GlobalSection(ProjectConfigurationPlatforms) = postSolution
		{5D8E4100-4F0C-407A-84CB-486E5D88105B}.Debug|Any CPU.ActiveCfg = Debug|Any CPU
		{5D8E4100-4F0C-407A-84CB-486E5D88105B}.Debug|Any CPU.Build.0 = Debug|Any CPU
		{5D8E4100-4F0C-407A-84CB-486E5D88105B}.Release|Any CPU.ActiveCfg = Release|Any CPU
		{5D8E4100-4F0C-407A-84CB-486E5D88105B}.Release|Any CPU.Build.0 = Release|Any CPU
		{B21EF8C4-C2E9-4949-85E3-033D2354D0A5}.Debug|Any CPU.ActiveCfg = Debug|Any CPU
		{B21EF8C4-C2E9-4949-85E3-033D2354D0A5}.Debug|Any CPU.Build.0 = Debug|Any CPU
		{B21EF8C4-C2E9-4949-85E3-033D2354D0A5}.Release|Any CPU.ActiveCfg = Release|Any CPU
		{B21EF8C4-C2E9-4949-85E3-033D2354D0A5}.Release|Any CPU.Build.0 = Release|Any CPU
	EndGlobalSection
	GlobalSection(SolutionProperties) = preSolution
		HideSolutionNode = FALSE
	EndGlobalSection
EndGlobal
